
Microsoft Visual Studio Solution File, Format Version 12.00
# Visual Studio 14
VisualStudioVersion = 14.0.23107.0
MinimumVisualStudioVersion = 10.0.40219.1
Project("{FAE04EC0-301F-11D3-BF4B-00C04F79EFBC}") = "SingleViewApp", "SingleViewApp\SingleViewApp.csproj", "{1244E471-63B0-4B11-BA54-6B50736CB9AE}"
EndProject
Global
	GlobalSection(SolutionConfigurationPlatforms) = preSolution
		Ad-Hoc|iPhone = Ad-Hoc|iPhone
		Ad-Hoc|iPhoneSimulator = Ad-Hoc|iPhoneSimulator
		AppStore|iPhone = AppStore|iPhone
		AppStore|iPhoneSimulator = AppStore|iPhoneSimulator
		Debug|iPhone = Debug|iPhone
		Debug|iPhoneSimulator = Debug|iPhoneSimulator
		Release|iPhone = Release|iPhone
		Release|iPhoneSimulator = Release|iPhoneSimulator
	EndGlobalSection
	GlobalSection(ProjectConfigurationPlatforms) = postSolution
		{1244E471-63B0-4B11-BA54-6B50736CB9AE}.Ad-Hoc|iPhone.ActiveCfg = Ad-Hoc|iPhone
		{1244E471-63B0-4B11-BA54-6B50736CB9AE}.Ad-Hoc|iPhone.Build.0 = Ad-Hoc|iPhone
		{1244E471-63B0-4B11-BA54-6B50736CB9AE}.Ad-Hoc|iPhoneSimulator.ActiveCfg = Ad-Hoc|iPhoneSimulator
		{1244E471-63B0-4B11-BA54-6B50736CB9AE}.Ad-Hoc|iPhoneSimulator.Build.0 = Ad-Hoc|iPhoneSimulator
		{1244E471-63B0-4B11-BA54-6B50736CB9AE}.AppStore|iPhone.ActiveCfg = AppStore|iPhone
		{1244E471-63B0-4B11-BA54-6B50736CB9AE}.AppStore|iPhone.Build.0 = AppStore|iPhone
		{1244E471-63B0-4B11-BA54-6B50736CB9AE}.AppStore|iPhoneSimulator.ActiveCfg = AppStore|iPhoneSimulator
		{1244E471-63B0-4B11-BA54-6B50736CB9AE}.AppStore|iPhoneSimulator.Build.0 = AppStore|iPhoneSimulator
		{1244E471-63B0-4B11-BA54-6B50736CB9AE}.Debug|iPhone.ActiveCfg = Debug|iPhone
		{1244E471-63B0-4B11-BA54-6B50736CB9AE}.Debug|iPhone.Build.0 = Debug|iPhone
		{1244E471-63B0-4B11-BA54-6B50736CB9AE}.Debug|iPhoneSimulator.ActiveCfg = Debug|iPhoneSimulator
		{1244E471-63B0-4B11-BA54-6B50736CB9AE}.Debug|iPhoneSimulator.Build.0 = Debug|iPhoneSimulator
		{1244E471-63B0-4B11-BA54-6B50736CB9AE}.Release|iPhone.ActiveCfg = Release|iPhone
		{1244E471-63B0-4B11-BA54-6B50736CB9AE}.Release|iPhone.Build.0 = Release|iPhone
		{1244E471-63B0-4B11-BA54-6B50736CB9AE}.Release|iPhoneSimulator.ActiveCfg = Release|iPhoneSimulator
		{1244E471-63B0-4B11-BA54-6B50736CB9AE}.Release|iPhoneSimulator.Build.0 = Release|iPhoneSimulator
	EndGlobalSection
	GlobalSection(SolutionProperties) = preSolution
		HideSolutionNode = FALSE
	EndGlobalSection
EndGlobal
